// !$*UTF8*$!
{
	archiveVersion = 1;
	classes = {
	};
	objectVersion = 56;
	objects = {

/* Begin PBXBuildFile section */
		2D5BC12AB3938881D9DAB6AF /* Pods_TopFlotty.framework in Frameworks */ = {isa = PBXBuildFile; fileRef = 1702E77CBE7806CF48484315 /* Pods_TopFlotty.framework */; };
		8B9FAD7B2A4C3A5100ADE915 /* AppDelegate.swift in Sources */ = {isa = PBXBuildFile; fileRef = 8B9FAD7A2A4C3A5100ADE915 /* AppDelegate.swift */; };
		8B9FAD7D2A4C3A5100ADE915 /* SceneDelegate.swift in Sources */ = {isa = PBXBuildFile; fileRef = 8B9FAD7C2A4C3A5100ADE915 /* SceneDelegate.swift */; };
		8B9FAD7F2A4C3A5100ADE915 /* ViewController.swift in Sources */ = {isa = PBXBuildFile; fileRef = 8B9FAD7E2A4C3A5100ADE915 /* ViewController.swift */; };
		8B9FAD822A4C3A5100ADE915 /* Main.storyboard in Resources */ = {isa = PBXBuildFile; fileRef = 8B9FAD802A4C3A5100ADE915 /* Main.storyboard */; };
		8B9FAD842A4C3A5600ADE915 /* Assets.xcassets in Resources */ = {isa = PBXBuildFile; fileRef = 8B9FAD832A4C3A5600ADE915 /* Assets.xcassets */; };
		8B9FAD872A4C3A5600ADE915 /* LaunchScreen.storyboard in Resources */ = {isa = PBXBuildFile; fileRef = 8B9FAD852A4C3A5600ADE915 /* LaunchScreen.storyboard */; };
/* End PBXBuildFile section */

/* Begin PBXFileReference section */
		1702E77CBE7806CF48484315 /* Pods_TopFlotty.framework */ = {isa = PBXFileReference; explicitFileType = wrapper.framework; includeInIndex = 0; path = Pods_TopFlotty.framework; sourceTree = BUILT_PRODUCTS_DIR; };
		873F69B2F70683C510E5FC75 /* Pods-TopFlotty.release.xcconfig */ = {isa = PBXFileReference; includeInIndex = 1; lastKnownFileType = text.xcconfig; name = "Pods-TopFlotty.release.xcconfig"; path = "Target Support Files/Pods-TopFlotty/Pods-TopFlotty.release.xcconfig"; sourceTree = "<group>"; };
		8B9FAD772A4C3A5100ADE915 /* TopFlotty.app */ = {isa = PBXFileReference; explicitFileType = wrapper.application; includeInIndex = 0; path = TopFlotty.app; sourceTree = BUILT_PRODUCTS_DIR; };
		8B9FAD7A2A4C3A5100ADE915 /* AppDelegate.swift */ = {isa = PBXFileReference; lastKnownFileType = sourcecode.swift; path = AppDelegate.swift; sourceTree = "<group>"; };
		8B9FAD7C2A4C3A5100ADE915 /* SceneDelegate.swift */ = {isa = PBXFileReference; lastKnownFileType = sourcecode.swift; path = SceneDelegate.swift; sourceTree = "<group>"; };
		8B9FAD7E2A4C3A5100ADE915 /* ViewController.swift */ = {isa = PBXFileReference; lastKnownFileType = sourcecode.swift; path = ViewController.swift; sourceTree = "<group>"; };
		8B9FAD812A4C3A5100ADE915 /* Base */ = {isa = PBXFileReference; lastKnownFileType = file.storyboard; name = Base; path = Base.lproj/Main.storyboard; sourceTree = "<group>"; };
		8B9FAD832A4C3A5600ADE915 /* Assets.xcassets */ = {isa = PBXFileReference; lastKnownFileType = folder.assetcatalog; path = Assets.xcassets; sourceTree = "<group>"; };
		8B9FAD862A4C3A5600ADE915 /* Base */ = {isa = PBXFileReference; lastKnownFileType = file.storyboard; name = Base; path = Base.lproj/LaunchScreen.storyboard; sourceTree = "<group>"; };
		8B9FAD882A4C3A5600ADE915 /* Info.plist */ = {isa = PBXFileReference; lastKnownFileType = text.plist.xml; path = Info.plist; sourceTree = "<group>"; };
		976F436BA7F00B5450DDDD6F /* Pods-TopFlotty.debug.xcconfig */ = {isa = PBXFileReference; includeInIndex = 1; lastKnownFileType = text.xcconfig; name = "Pods-TopFlotty.debug.xcconfig"; path = "Target Support Files/Pods-TopFlotty/Pods-TopFlotty.debug.xcconfig"; sourceTree = "<group>"; };
/* End PBXFileReference section */

/* Begin PBXFrameworksBuildPhase section */
		8B9FAD742A4C3A5100ADE915 /* Frameworks */ = {
			isa = PBXFrameworksBuildPhase;
			buildActionMask = 2147483647;
			files = (
				2D5BC12AB3938881D9DAB6AF /* Pods_TopFlotty.framework in Frameworks */,
			);
			runOnlyForDeploymentPostprocessing = 0;
		};
/* End PBXFrameworksBuildPhase section */

/* Begin PBXGroup section */
		15D79B46E84620475AFD506B /* Frameworks */ = {
			isa = PBXGroup;
			children = (
				1702E77CBE7806CF48484315 /* Pods_TopFlotty.framework */,
			);
			name = Frameworks;
			sourceTree = "<group>";
		};
		4EF1C11669A527CAA73DE613 /* Pods */ = {
			isa = PBXGroup;
			children = (
				976F436BA7F00B5450DDDD6F /* Pods-TopFlotty.debug.xcconfig */,
				873F69B2F70683C510E5FC75 /* Pods-TopFlotty.release.xcconfig */,
			);
			name = Pods;
			path = Pods;
			sourceTree = "<group>";
		};
		8B9FAD6E2A4C3A5100ADE915 = {
			isa = PBXGroup;
			children = (
				8B9FAD792A4C3A5100ADE915 /* TopFlotty */,
				8B9FAD782A4C3A5100ADE915 /* Products */,
				4EF1C11669A527CAA73DE613 /* Pods */,
				15D79B46E84620475AFD506B /* Frameworks */,
			);
			sourceTree = "<group>";
		};
		8B9FAD782A4C3A5100ADE915 /* Products */ = {
			isa = PBXGroup;
			children = (
				8B9FAD772A4C3A5100ADE915 /* TopFlotty.app */,
			);
			name = Products;
			sourceTree = "<group>";
		};
		8B9FAD792A4C3A5100ADE915 /* TopFlotty */ = {
			isa = PBXGroup;
			children = (
				8B9FAD7A2A4C3A5100ADE915 /* AppDelegate.swift */,
				8B9FAD7C2A4C3A5100ADE915 /* SceneDelegate.swift */,
				8B9FAD7E2A4C3A5100ADE915 /* ViewController.swift */,
				8B9FAD802A4C3A5100ADE915 /* Main.storyboard */,
				8B9FAD832A4C3A5600ADE915 /* Assets.xcassets */,
				8B9FAD852A4C3A5600ADE915 /* LaunchScreen.storyboard */,
				8B9FAD882A4C3A5600ADE915 /* Info.plist */,
			);
			path = TopFlotty;
			sourceTree = "<group>";
		};
/* End PBXGroup section */

/* Begin PBXNativeTarget section */
		8B9FAD762A4C3A5100ADE915 /* TopFlotty */ = {
			isa = PBXNativeTarget;
			buildConfigurationList = 8B9FAD8B2A4C3A5600ADE915 /* Build configuration list for PBXNativeTarget "TopFlotty" */;
			buildPhases = (
				C033F72A587B95657ACC78C0 /* [CP] Check Pods Manifest.lock */,
				8B9FAD732A4C3A5100ADE915 /* Sources */,
				8B9FAD742A4C3A5100ADE915 /* Frameworks */,
				8B9FAD752A4C3A5100ADE915 /* Resources */,
				94F04CB10304855F1CCD3A76 /* [CP] Embed Pods Frameworks */,
			);
			buildRules = (
			);
			dependencies = (
			);
			name = TopFlotty;
			productName = TopFlotty;
			productReference = 8B9FAD772A4C3A5100ADE915 /* TopFlotty.app */;
			productType = "com.apple.product-type.application";
		};
/* End PBXNativeTarget section */

/* Begin PBXProject section */
		8B9FAD6F2A4C3A5100ADE915 /* Project object */ = {
			isa = PBXProject;
			attributes = {
				BuildIndependentTargetsInParallel = 1;
				LastSwiftUpdateCheck = 1420;
				LastUpgradeCheck = 1420;
				TargetAttributes = {
					8B9FAD762A4C3A5100ADE915 = {
						CreatedOnToolsVersion = 14.2;
					};
				};
			};
			buildConfigurationList = 8B9FAD722A4C3A5100ADE915 /* Build configuration list for PBXProject "TopFlotty" */;
			compatibilityVersion = "Xcode 14.0";
			developmentRegion = en;
			hasScannedForEncodings = 0;
			knownRegions = (
				en,
				Base,
			);
			mainGroup = 8B9FAD6E2A4C3A5100ADE915;
			productRefGroup = 8B9FAD782A4C3A5100ADE915 /* Products */;
			projectDirPath = "";
			projectRoot = "";
			targets = (
				8B9FAD762A4C3A5100ADE915 /* TopFlotty */,
			);
		};
/* End PBXProject section */

/* Begin PBXResourcesBuildPhase section */
		8B9FAD752A4C3A5100ADE915 /* Resources */ = {
			isa = PBXResourcesBuildPhase;
			buildActionMask = 2147483647;
			files = (
				8B9FAD872A4C3A5600ADE915 /* LaunchScreen.storyboard in Resources */,
				8B9FAD842A4C3A5600ADE915 /* Assets.xcassets in Resources */,
				8B9FAD822A4C3A5100ADE915 /* Main.storyboard in Resources */,
			);
			runOnlyForDeploymentPostprocessing = 0;
		};
/* End PBXResourcesBuildPhase section */

/* Begin PBXShellScriptBuildPhase section */
		94F04CB10304855F1CCD3A76 /* [CP] Embed Pods Frameworks */ = {
			isa = PBXShellScriptBuildPhase;
			buildActionMask = 2147483647;
			files = (
			);
			inputFileListPaths = (
				"${PODS_ROOT}/Target Support Files/Pods-TopFlotty/Pods-TopFlotty-frameworks-${CONFIGURATION}-input-files.xcfilelist",
			);
			name = "[CP] Embed Pods Frameworks";
			outputFileListPaths = (
				"${PODS_ROOT}/Target Support Files/Pods-TopFlotty/Pods-TopFlotty-frameworks-${CONFIGURATION}-output-files.xcfilelist",
			);
			runOnlyForDeploymentPostprocessing = 0;
			shellPath = /bin/sh;
			shellScript = "\"${PODS_ROOT}/Target Support Files/Pods-TopFlotty/Pods-TopFlotty-frameworks.sh\"\n";
			showEnvVarsInLog = 0;
		};
		C033F72A587B95657ACC78C0 /* [CP] Check Pods Manifest.lock */ = {
			isa = PBXShellScriptBuildPhase;
			buildActionMask = 2147483647;
			files = (
			);
			inputFileListPaths = (
			);
			inputPaths = (
				"${PODS_PODFILE_DIR_PATH}/Podfile.lock",
				"${PODS_ROOT}/Manifest.lock",
			);
			name = "[CP] Check Pods Manifest.lock";
			outputFileListPaths = (
			);
			outputPaths = (
				"$(DERIVED_FILE_DIR)/Pods-TopFlotty-checkManifestLockResult.txt",
			);
			runOnlyForDeploymentPostprocessing = 0;
			shellPath = /bin/sh;
			shellScript = "diff \"${PODS_PODFILE_DIR_PATH}/Podfile.lock\" \"${PODS_ROOT}/Manifest.lock\" > /dev/null\nif [ $? != 0 ] ; then\n    # print error to STDERR\n    echo \"error: The sandbox is not in sync with the Podfile.lock. Run 'pod install' or update your CocoaPods installation.\" >&2\n    exit 1\nfi\n# This output is used by Xcode 'outputs' to avoid re-running this script phase.\necho \"SUCCESS\" > \"${SCRIPT_OUTPUT_FILE_0}\"\n";
			showEnvVarsInLog = 0;
		};
/* End PBXShellScriptBuildPhase section */

/* Begin PBXSourcesBuildPhase section */
		8B9FAD732A4C3A5100ADE915 /* Sources */ = {
			isa = PBXSourcesBuildPhase;
			buildActionMask = 2147483647;
			files = (
				8B9FAD7F2A4C3A5100ADE915 /* ViewController.swift in Sources */,
				8B9FAD7B2A4C3A5100ADE915 /* AppDelegate.swift in Sources */,
				8B9FAD7D2A4C3A5100ADE915 /* SceneDelegate.swift in Sources */,
			);
			runOnlyForDeploymentPostprocessing = 0;
		};
/* End PBXSourcesBuildPhase section */

/* Begin PBXVariantGroup section */
		8B9FAD802A4C3A5100ADE915 /* Main.storyboard */ = {
			isa = PBXVariantGroup;
			children = (
				8B9FAD812A4C3A5100ADE915 /* Base */,
			);
			name = Main.storyboard;
			sourceTree = "<group>";
		};
		8B9FAD852A4C3A5600ADE915 /* LaunchScreen.storyboard */ = {
			isa = PBXVariantGroup;
			children = (
				8B9FAD862A4C3A5600ADE915 /* Base */,
			);
			name = LaunchScreen.storyboard;
			sourceTree = "<group>";
		};
/* End PBXVariantGroup section */

/* Begin XCBuildConfiguration section */
		8B9FAD892A4C3A5600ADE915 /* Debug */ = {
			isa = XCBuildConfiguration;
			buildSettings = {
				ALWAYS_SEARCH_USER_PATHS = NO;
				CLANG_ANALYZER_NONNULL = YES;
				CLANG_ANALYZER_NUMBER_OBJECT_CONVERSION = YES_AGGRESSIVE;
				CLANG_CXX_LANGUAGE_STANDARD = "gnu++20";
				CLANG_ENABLE_MODULES = YES;
				CLANG_ENABLE_OBJC_ARC = YES;
				CLANG_ENABLE_OBJC_WEAK = YES;
				CLANG_WARN_BLOCK_CAPTURE_AUTORELEASING = YES;
				CLANG_WARN_BOOL_CONVERSION = YES;
				CLANG_WARN_COMMA = YES;
				CLANG_WARN_CONSTANT_CONVERSION = YES;
				CLANG_WARN_DEPRECATED_OBJC_IMPLEMENTATIONS = YES;
				CLANG_WARN_DIRECT_OBJC_ISA_USAGE = YES_ERROR;
				CLANG_WARN_DOCUMENTATION_COMMENTS = YES;
				CLANG_WARN_EMPTY_BODY = YES;
				CLANG_WARN_ENUM_CONVERSION = YES;
				CLANG_WARN_INFINITE_RECURSION = YES;
				CLANG_WARN_INT_CONVERSION = YES;
				CLANG_WARN_NON_LITERAL_NULL_CONVERSION = YES;
				CLANG_WARN_OBJC_IMPLICIT_RETAIN_SELF = YES;
				CLANG_WARN_OBJC_LITERAL_CONVERSION = YES;
				CLANG_WARN_OBJC_ROOT_CLASS = YES_ERROR;
				CLANG_WARN_QUOTED_INCLUDE_IN_FRAMEWORK_HEADER = YES;
				CLANG_WARN_RANGE_LOOP_ANALYSIS = YES;
				CLANG_WARN_STRICT_PROTOTYPES = YES;
				CLANG_WARN_SUSPICIOUS_MOVE = YES;
				CLANG_WARN_UNGUARDED_AVAILABILITY = YES_AGGRESSIVE;
				CLANG_WARN_UNREACHABLE_CODE = YES;
				CLANG_WARN__DUPLICATE_METHOD_MATCH = YES;
				COPY_PHASE_STRIP = NO;
				DEBUG_INFORMATION_FORMAT = dwarf;
				ENABLE_STRICT_OBJC_MSGSEND = YES;
				ENABLE_TESTABILITY = YES;
				GCC_C_LANGUAGE_STANDARD = gnu11;
				GCC_DYNAMIC_NO_PIC = NO;
				GCC_NO_COMMON_BLOCKS = YES;
				GCC_OPTIMIZATION_LEVEL = 0;
				GCC_PREPROCESSOR_DEFINITIONS = (
					"DEBUG=1",
					"$(inherited)",
				);
				GCC_WARN_64_TO_32_BIT_CONVERSION = YES;
				GCC_WARN_ABOUT_RETURN_TYPE = YES_ERROR;
				GCC_WARN_UNDECLARED_SELECTOR = YES;
				GCC_WARN_UNINITIALIZED_AUTOS = YES_AGGRESSIVE;
				GCC_WARN_UNUSED_FUNCTION = YES;
				GCC_WARN_UNUSED_VARIABLE = YES;
				IPHONEOS_DEPLOYMENT_TARGET = 16.2;
				MTL_ENABLE_DEBUG_INFO = INCLUDE_SOURCE;
				MTL_FAST_MATH = YES;
				ONLY_ACTIVE_ARCH = YES;
				SDKROOT = iphoneos;
				SWIFT_ACTIVE_COMPILATION_CONDITIONS = DEBUG;
				SWIFT_OPTIMIZATION_LEVEL = "-Onone";
			};
			name = Debug;
		};
		8B9FAD8A2A4C3A5600ADE915 /* Release */ = {
			isa = XCBuildConfiguration;
			buildSettings = {
				ALWAYS_SEARCH_USER_PATHS = NO;
				CLANG_ANALYZER_NONNULL = YES;
				CLANG_ANALYZER_NUMBER_OBJECT_CONVERSION = YES_AGGRESSIVE;
				CLANG_CXX_LANGUAGE_STANDARD = "gnu++20";
				CLANG_ENABLE_MODULES = YES;
				CLANG_ENABLE_OBJC_ARC = YES;
				CLANG_ENABLE_OBJC_WEAK = YES;
				CLANG_WARN_BLOCK_CAPTURE_AUTORELEASING = YES;
				CLANG_WARN_BOOL_CONVERSION = YES;
				CLANG_WARN_COMMA = YES;
				CLANG_WARN_CONSTANT_CONVERSION = YES;
				CLANG_WARN_DEPRECATED_OBJC_IMPLEMENTATIONS = YES;
				CLANG_WARN_DIRECT_OBJC_ISA_USAGE = YES_ERROR;
				CLANG_WARN_DOCUMENTATION_COMMENTS = YES;
				CLANG_WARN_EMPTY_BODY = YES;
				CLANG_WARN_ENUM_CONVERSION = YES;
				CLANG_WARN_INFINITE_RECURSION = YES;
				CLANG_WARN_INT_CONVERSION = YES;
				CLANG_WARN_NON_LITERAL_NULL_CONVERSION = YES;
				CLANG_WARN_OBJC_IMPLICIT_RETAIN_SELF = YES;
				CLANG_WARN_OBJC_LITERAL_CONVERSION = YES;
				CLANG_WARN_OBJC_ROOT_CLASS = YES_ERROR;
				CLANG_WARN_QUOTED_INCLUDE_IN_FRAMEWORK_HEADER = YES;
				CLANG_WARN_RANGE_LOOP_ANALYSIS = YES;
				CLANG_WARN_STRICT_PROTOTYPES = YES;
				CLANG_WARN_SUSPICIOUS_MOVE = YES;
				CLANG_WARN_UNGUARDED_AVAILABILITY = YES_AGGRESSIVE;
				CLANG_WARN_UNREACHABLE_CODE = YES;
				CLANG_WARN__DUPLICATE_METHOD_MATCH = YES;
				COPY_PHASE_STRIP = NO;
				DEBUG_INFORMATION_FORMAT = "dwarf-with-dsym";
				ENABLE_NS_ASSERTIONS = NO;
				ENABLE_STRICT_OBJC_MSGSEND = YES;
				GCC_C_LANGUAGE_STANDARD = gnu11;
				GCC_NO_COMMON_BLOCKS = YES;
				GCC_WARN_64_TO_32_BIT_CONVERSION = YES;
				GCC_WARN_ABOUT_RETURN_TYPE = YES_ERROR;
				GCC_WARN_UNDECLARED_SELECTOR = YES;
				GCC_WARN_UNINITIALIZED_AUTOS = YES_AGGRESSIVE;
				GCC_WARN_UNUSED_FUNCTION = YES;
				GCC_WARN_UNUSED_VARIABLE = YES;
				IPHONEOS_DEPLOYMENT_TARGET = 16.2;
				MTL_ENABLE_DEBUG_INFO = NO;
				MTL_FAST_MATH = YES;
				SDKROOT = iphoneos;
				SWIFT_COMPILATION_MODE = wholemodule;
				SWIFT_OPTIMIZATION_LEVEL = "-O";
				VALIDATE_PRODUCT = YES;
			};
			name = Release;
		};
		8B9FAD8C2A4C3A5600ADE915 /* Debug */ = {
			isa = XCBuildConfiguration;
			baseConfigurationReference = 976F436BA7F00B5450DDDD6F /* Pods-TopFlotty.debug.xcconfig */;
			buildSettings = {
				ASSETCATALOG_COMPILER_APPICON_NAME = AppIcon;
				ASSETCATALOG_COMPILER_GLOBAL_ACCENT_COLOR_NAME = AccentColor;
				CODE_SIGN_STYLE = Automatic;
				CURRENT_PROJECT_VERSION = 1;
				DEVELOPMENT_TEAM = RWXR36XF9S;
				GENERATE_INFOPLIST_FILE = YES;
				INFOPLIST_FILE = TopFlotty/Info.plist;
				INFOPLIST_KEY_UIApplicationSupportsIndirectInputEvents = YES;
				INFOPLIST_KEY_UILaunchStoryboardName = LaunchScreen;
				INFOPLIST_KEY_UIMainStoryboardFile = Main;
				INFOPLIST_KEY_UISupportedInterfaceOrientations_iPad = "UIInterfaceOrientationPortrait UIInterfaceOrientationPortraitUpsideDown UIInterfaceOrientationLandscapeLeft UIInterfaceOrientationLandscapeRight";
				INFOPLIST_KEY_UISupportedInterfaceOrientations_iPhone = "UIInterfaceOrientationPortrait UIInterfaceOrientationLandscapeLeft UIInterfaceOrientationLandscapeRight";
				LD_RUNPATH_SEARCH_PATHS = (
					"$(inherited)",
					"@executable_path/Frameworks",
				);
				MARKETING_VERSION = 1.0;
				PRODUCT_BUNDLE_IDENTIFIER = com.manikanta.TopFlotty;
				PRODUCT_NAME = "$(TARGET_NAME)";
				SWIFT_EMIT_LOC_STRINGS = YES;
				SWIFT_VERSION = 5.0;
				TARGETED_DEVICE_FAMILY = "1,2";
			};
			name = Debug;
		};
		8B9FAD8D2A4C3A5600ADE915 /* Release */ = {
			isa = XCBuildConfiguration;
			baseConfigurationReference = 873F69B2F70683C510E5FC75 /* Pods-TopFlotty.release.xcconfig */;
			buildSettings = {
				ASSETCATALOG_COMPILER_APPICON_NAME = AppIcon;
				ASSETCATALOG_COMPILER_GLOBAL_ACCENT_COLOR_NAME = AccentColor;
				CODE_SIGN_STYLE = Automatic;
				CURRENT_PROJECT_VERSION = 1;
				DEVELOPMENT_TEAM = RWXR36XF9S;
				GENERATE_INFOPLIST_FILE = YES;
				INFOPLIST_FILE = TopFlotty/Info.plist;
				INFOPLIST_KEY_UIApplicationSupportsIndirectInputEvents = YES;
				INFOPLIST_KEY_UILaunchStoryboardName = LaunchScreen;
				INFOPLIST_KEY_UIMainStoryboardFile = Main;
				INFOPLIST_KEY_UISupportedInterfaceOrientations_iPad = "UIInterfaceOrientationPortrait UIInterfaceOrientationPortraitUpsideDown UIInterfaceOrientationLandscapeLeft UIInterfaceOrientationLandscapeRight";
				INFOPLIST_KEY_UISupportedInterfaceOrientations_iPhone = "UIInterfaceOrientationPortrait UIInterfaceOrientationLandscapeLeft UIInterfaceOrientationLandscapeRight";
				LD_RUNPATH_SEARCH_PATHS = (
					"$(inherited)",
					"@executable_path/Frameworks",
				);
				MARKETING_VERSION = 1.0;
				PRODUCT_BUNDLE_IDENTIFIER = com.manikanta.TopFlotty;
				PRODUCT_NAME = "$(TARGET_NAME)";
				SWIFT_EMIT_LOC_STRINGS = YES;
				SWIFT_VERSION = 5.0;
				TARGETED_DEVICE_FAMILY = "1,2";
			};
			name = Release;
		};
/* End XCBuildConfiguration section */

/* Begin XCConfigurationList section */
		8B9FAD722A4C3A5100ADE915 /* Build configuration list for PBXProject "TopFlotty" */ = {
			isa = XCConfigurationList;
			buildConfigurations = (
				8B9FAD892A4C3A5600ADE915 /* Debug */,
				8B9FAD8A2A4C3A5600ADE915 /* Release */,
			);
			defaultConfigurationIsVisible = 0;
			defaultConfigurationName = Release;
		};
		8B9FAD8B2A4C3A5600ADE915 /* Build configuration list for PBXNativeTarget "TopFlotty" */ = {
			isa = XCConfigurationList;
			buildConfigurations = (
				8B9FAD8C2A4C3A5600ADE915 /* Debug */,
				8B9FAD8D2A4C3A5600ADE915 /* Release */,
			);
			defaultConfigurationIsVisible = 0;
			defaultConfigurationName = Release;
		};
/* End XCConfigurationList section */
	};
	rootObject = 8B9FAD6F2A4C3A5100ADE915 /* Project object */;
}
